// !$*UTF8*$!
{
	archiveVersion = 1;
	classes = {
	};
	objectVersion = 46;
	objects = {

/* Begin PBXBuildFile section */
		1C55CEB01334BC5400770377 /* UIKit.framework in Frameworks */ = {isa = PBXBuildFile; fileRef = 1C55CEAF1334BC5400770377 /* UIKit.framework */; };
		1C55CEB21334BC5400770377 /* Foundation.framework in Frameworks */ = {isa = PBXBuildFile; fileRef = 1C55CEB11334BC5400770377 /* Foundation.framework */; };
		1C55CEB41334BC5400770377 /* CoreGraphics.framework in Frameworks */ = {isa = PBXBuildFile; fileRef = 1C55CEB31334BC5400770377 /* CoreGraphics.framework */; };
		1C55CEBA1334BC5400770377 /* InfoPlist.strings in Resources */ = {isa = PBXBuildFile; fileRef = 1C55CEB81334BC5400770377 /* InfoPlist.strings */; };
		1C55CEBD1334BC5400770377 /* main.m in Sources */ = {isa = PBXBuildFile; fileRef = 1C55CEBC1334BC5400770377 /* main.m */; };
		1C55CEC01334BC5400770377 /* iBlipAppDelegate.m in Sources */ = {isa = PBXBuildFile; fileRef = 1C55CEBF1334BC5400770377 /* iBlipAppDelegate.m */; };
		1C55CEC31334BC5400770377 /* MainWindow.xib in Resources */ = {isa = PBXBuildFile; fileRef = 1C55CEC11334BC5400770377 /* MainWindow.xib */; };
		1C55CECA1334BC5400770377 /* UIKit.framework in Frameworks */ = {isa = PBXBuildFile; fileRef = 1C55CEAF1334BC5400770377 /* UIKit.framework */; };
		1C55CECB1334BC5400770377 /* Foundation.framework in Frameworks */ = {isa = PBXBuildFile; fileRef = 1C55CEB11334BC5400770377 /* Foundation.framework */; };
		1C55CECC1334BC5400770377 /* CoreGraphics.framework in Frameworks */ = {isa = PBXBuildFile; fileRef = 1C55CEB31334BC5400770377 /* CoreGraphics.framework */; };
		1C55CED41334BC5400770377 /* InfoPlist.strings in Resources */ = {isa = PBXBuildFile; fileRef = 1C55CED21334BC5400770377 /* InfoPlist.strings */; };
		1C55CED71334BC5400770377 /* iBlipTests.h in Resources */ = {isa = PBXBuildFile; fileRef = 1C55CED61334BC5400770377 /* iBlipTests.h */; };
		1C55CED91334BC5400770377 /* iBlipTests.m in Sources */ = {isa = PBXBuildFile; fileRef = 1C55CED81334BC5400770377 /* iBlipTests.m */; };
		1C55CEE61334BEA500770377 /* LABService.m in Sources */ = {isa = PBXBuildFile; fileRef = 1C55CEE51334BEA500770377 /* LABService.m */; };
		1C55CEEB1334BF3E00770377 /* LABBlipViewController.m in Sources */ = {isa = PBXBuildFile; fileRef = 1C55CEE91334BF3E00770377 /* LABBlipViewController.m */; };
		1C55CEEC1334BF3E00770377 /* LABBlipViewController.xib in Resources */ = {isa = PBXBuildFile; fileRef = 1C55CEEA1334BF3E00770377 /* LABBlipViewController.xib */; };
		8110D0921334D3320005409B /* QuartzCore.framework in Frameworks */ = {isa = PBXBuildFile; fileRef = 8110D0911334D3320005409B /* QuartzCore.framework */; };
		815242441334E75900E436CF /* LABCorePlotView.m in Sources */ = {isa = PBXBuildFile; fileRef = 815242431334E75900E436CF /* LABCorePlotView.m */; };
		B21B41C41335027F007CDCC2 /* ScatterPlot.xib in Resources */ = {isa = PBXBuildFile; fileRef = B21B41C31335027F007CDCC2 /* ScatterPlot.xib */; };
		B21B41C713350289007CDCC2 /* CPTestAppScatterPlotController.m in Sources */ = {isa = PBXBuildFile; fileRef = B21B41C613350289007CDCC2 /* CPTestAppScatterPlotController.m */; };
		1C55CEF0133512A800770377 /* LABParser.m in Sources */ = {isa = PBXBuildFile; fileRef = 1C55CEEF133512A800770377 /* LABParser.m */; };
		1C55CF23133515AF00770377 /* NSObject+JSON.m in Sources */ = {isa = PBXBuildFile; fileRef = 1C55CF12133515AF00770377 /* NSObject+JSON.m */; };
		1C55CF24133515AF00770377 /* SBJsonParser.m in Sources */ = {isa = PBXBuildFile; fileRef = 1C55CF14133515AF00770377 /* SBJsonParser.m */; };
		1C55CF25133515AF00770377 /* SBJsonStreamParser.m in Sources */ = {isa = PBXBuildFile; fileRef = 1C55CF16133515AF00770377 /* SBJsonStreamParser.m */; };
		1C55CF26133515AF00770377 /* SBJsonStreamParserAdapter.m in Sources */ = {isa = PBXBuildFile; fileRef = 1C55CF18133515AF00770377 /* SBJsonStreamParserAdapter.m */; };
		1C55CF27133515AF00770377 /* SBJsonStreamParserState.m in Sources */ = {isa = PBXBuildFile; fileRef = 1C55CF1A133515AF00770377 /* SBJsonStreamParserState.m */; };
		1C55CF28133515AF00770377 /* SBJsonStreamWriter.m in Sources */ = {isa = PBXBuildFile; fileRef = 1C55CF1C133515AF00770377 /* SBJsonStreamWriter.m */; };
		1C55CF29133515AF00770377 /* SBJsonStreamWriterState.m in Sources */ = {isa = PBXBuildFile; fileRef = 1C55CF1E133515AF00770377 /* SBJsonStreamWriterState.m */; };
		1C55CF2A133515AF00770377 /* SBJsonTokeniser.m in Sources */ = {isa = PBXBuildFile; fileRef = 1C55CF20133515AF00770377 /* SBJsonTokeniser.m */; };
		1C55CF2B133515AF00770377 /* SBJsonWriter.m in Sources */ = {isa = PBXBuildFile; fileRef = 1C55CF22133515AF00770377 /* SBJsonWriter.m */; };
/* End PBXBuildFile section */

/* Begin PBXContainerItemProxy section */
		1C55CECD1334BC5400770377 /* PBXContainerItemProxy */ = {
			isa = PBXContainerItemProxy;
			containerPortal = 1C55CEA21334BC5400770377 /* Project object */;
			proxyType = 1;
			remoteGlobalIDString = 1C55CEAA1334BC5400770377;
			remoteInfo = iBlip;
		};
/* End PBXContainerItemProxy section */

/* Begin PBXFileReference section */
		1C55CEAB1334BC5400770377 /* iBlip.app */ = {isa = PBXFileReference; explicitFileType = wrapper.application; includeInIndex = 0; path = iBlip.app; sourceTree = BUILT_PRODUCTS_DIR; };
		1C55CEAF1334BC5400770377 /* UIKit.framework */ = {isa = PBXFileReference; lastKnownFileType = wrapper.framework; name = UIKit.framework; path = System/Library/Frameworks/UIKit.framework; sourceTree = SDKROOT; };
		1C55CEB11334BC5400770377 /* Foundation.framework */ = {isa = PBXFileReference; lastKnownFileType = wrapper.framework; name = Foundation.framework; path = System/Library/Frameworks/Foundation.framework; sourceTree = SDKROOT; };
		1C55CEB31334BC5400770377 /* CoreGraphics.framework */ = {isa = PBXFileReference; lastKnownFileType = wrapper.framework; name = CoreGraphics.framework; path = System/Library/Frameworks/CoreGraphics.framework; sourceTree = SDKROOT; };
		1C55CEB71334BC5400770377 /* iBlip-Info.plist */ = {isa = PBXFileReference; lastKnownFileType = text.plist.xml; path = "iBlip-Info.plist"; sourceTree = "<group>"; };
		1C55CEB91334BC5400770377 /* en */ = {isa = PBXFileReference; lastKnownFileType = text.plist.strings; name = en; path = en.lproj/InfoPlist.strings; sourceTree = "<group>"; };
		1C55CEBB1334BC5400770377 /* iBlip-Prefix.pch */ = {isa = PBXFileReference; lastKnownFileType = sourcecode.c.h; path = "iBlip-Prefix.pch"; sourceTree = "<group>"; };
		1C55CEBC1334BC5400770377 /* main.m */ = {isa = PBXFileReference; lastKnownFileType = sourcecode.c.objc; path = main.m; sourceTree = "<group>"; };
		1C55CEBE1334BC5400770377 /* iBlipAppDelegate.h */ = {isa = PBXFileReference; lastKnownFileType = sourcecode.c.h; path = iBlipAppDelegate.h; sourceTree = "<group>"; };
		1C55CEBF1334BC5400770377 /* iBlipAppDelegate.m */ = {isa = PBXFileReference; lastKnownFileType = sourcecode.c.objc; path = iBlipAppDelegate.m; sourceTree = "<group>"; };
		1C55CEC21334BC5400770377 /* en */ = {isa = PBXFileReference; lastKnownFileType = file.xib; name = en; path = en.lproj/MainWindow.xib; sourceTree = "<group>"; };
		1C55CEC91334BC5400770377 /* iBlipTests.octest */ = {isa = PBXFileReference; explicitFileType = wrapper.cfbundle; includeInIndex = 0; path = iBlipTests.octest; sourceTree = BUILT_PRODUCTS_DIR; };
		1C55CED11334BC5400770377 /* iBlipTests-Info.plist */ = {isa = PBXFileReference; lastKnownFileType = text.plist.xml; path = "iBlipTests-Info.plist"; sourceTree = "<group>"; };
		1C55CED31334BC5400770377 /* en */ = {isa = PBXFileReference; lastKnownFileType = text.plist.strings; name = en; path = en.lproj/InfoPlist.strings; sourceTree = "<group>"; };
		1C55CED51334BC5400770377 /* iBlipTests-Prefix.pch */ = {isa = PBXFileReference; lastKnownFileType = sourcecode.c.h; path = "iBlipTests-Prefix.pch"; sourceTree = "<group>"; };
		1C55CED61334BC5400770377 /* iBlipTests.h */ = {isa = PBXFileReference; lastKnownFileType = sourcecode.c.h; path = iBlipTests.h; sourceTree = "<group>"; };
		1C55CED81334BC5400770377 /* iBlipTests.m */ = {isa = PBXFileReference; lastKnownFileType = sourcecode.c.objc; path = iBlipTests.m; sourceTree = "<group>"; };
		1C55CEE41334BEA500770377 /* LABService.h */ = {isa = PBXFileReference; fileEncoding = 4; lastKnownFileType = sourcecode.c.h; name = LABService.h; path = iBlip/lib/LABService.h; sourceTree = "<group>"; };
		1C55CEE51334BEA500770377 /* LABService.m */ = {isa = PBXFileReference; fileEncoding = 4; lastKnownFileType = sourcecode.c.objc; name = LABService.m; path = iBlip/lib/LABService.m; sourceTree = "<group>"; };
		1C55CEE81334BF3E00770377 /* LABBlipViewController.h */ = {isa = PBXFileReference; fileEncoding = 4; lastKnownFileType = sourcecode.c.h; name = LABBlipViewController.h; path = classes/controllers/LABBlipViewController.h; sourceTree = "<group>"; };
		1C55CEE91334BF3E00770377 /* LABBlipViewController.m */ = {isa = PBXFileReference; fileEncoding = 4; lastKnownFileType = sourcecode.c.objc; name = LABBlipViewController.m; path = classes/controllers/LABBlipViewController.m; sourceTree = "<group>"; };
		1C55CEEA1334BF3E00770377 /* LABBlipViewController.xib */ = {isa = PBXFileReference; fileEncoding = 4; lastKnownFileType = file.xib; name = LABBlipViewController.xib; path = classes/controllers/LABBlipViewController.xib; sourceTree = "<group>"; };
		8110D0911334D3320005409B /* QuartzCore.framework */ = {isa = PBXFileReference; lastKnownFileType = wrapper.framework; name = QuartzCore.framework; path = System/Library/Frameworks/QuartzCore.framework; sourceTree = SDKROOT; };
		815242421334E75900E436CF /* LABCorePlotView.h */ = {isa = PBXFileReference; fileEncoding = 4; lastKnownFileType = sourcecode.c.h; path = LABCorePlotView.h; sourceTree = "<group>"; };
		815242431334E75900E436CF /* LABCorePlotView.m */ = {isa = PBXFileReference; fileEncoding = 4; lastKnownFileType = sourcecode.c.objc; path = LABCorePlotView.m; sourceTree = "<group>"; };
		B21B41C31335027F007CDCC2 /* ScatterPlot.xib */ = {isa = PBXFileReference; fileEncoding = 4; lastKnownFileType = file.xib; path = ScatterPlot.xib; sourceTree = "<group>"; };
		B21B41C513350289007CDCC2 /* CPTestAppScatterPlotController.h */ = {isa = PBXFileReference; fileEncoding = 4; lastKnownFileType = sourcecode.c.h; path = CPTestAppScatterPlotController.h; sourceTree = "<group>"; };
		B21B41C613350289007CDCC2 /* CPTestAppScatterPlotController.m */ = {isa = PBXFileReference; fileEncoding = 4; lastKnownFileType = sourcecode.c.objc; path = CPTestAppScatterPlotController.m; sourceTree = "<group>"; };
		1C55CEEE133512A800770377 /* LABParser.h */ = {isa = PBXFileReference; fileEncoding = 4; lastKnownFileType = sourcecode.c.h; name = LABParser.h; path = iBlip/lib/LABParser.h; sourceTree = "<group>"; };
		1C55CEEF133512A800770377 /* LABParser.m */ = {isa = PBXFileReference; fileEncoding = 4; lastKnownFileType = sourcecode.c.objc; name = LABParser.m; path = iBlip/lib/LABParser.m; sourceTree = "<group>"; };
		1C55CF10133515AF00770377 /* JSON.h */ = {isa = PBXFileReference; fileEncoding = 4; lastKnownFileType = sourcecode.c.h; path = JSON.h; sourceTree = "<group>"; };
		1C55CF11133515AF00770377 /* NSObject+JSON.h */ = {isa = PBXFileReference; fileEncoding = 4; lastKnownFileType = sourcecode.c.h; path = "NSObject+JSON.h"; sourceTree = "<group>"; };
		1C55CF12133515AF00770377 /* NSObject+JSON.m */ = {isa = PBXFileReference; fileEncoding = 4; lastKnownFileType = sourcecode.c.objc; path = "NSObject+JSON.m"; sourceTree = "<group>"; };
		1C55CF13133515AF00770377 /* SBJsonParser.h */ = {isa = PBXFileReference; fileEncoding = 4; lastKnownFileType = sourcecode.c.h; path = SBJsonParser.h; sourceTree = "<group>"; };
		1C55CF14133515AF00770377 /* SBJsonParser.m */ = {isa = PBXFileReference; fileEncoding = 4; lastKnownFileType = sourcecode.c.objc; path = SBJsonParser.m; sourceTree = "<group>"; };
		1C55CF15133515AF00770377 /* SBJsonStreamParser.h */ = {isa = PBXFileReference; fileEncoding = 4; lastKnownFileType = sourcecode.c.h; path = SBJsonStreamParser.h; sourceTree = "<group>"; };
		1C55CF16133515AF00770377 /* SBJsonStreamParser.m */ = {isa = PBXFileReference; fileEncoding = 4; lastKnownFileType = sourcecode.c.objc; path = SBJsonStreamParser.m; sourceTree = "<group>"; };
		1C55CF17133515AF00770377 /* SBJsonStreamParserAdapter.h */ = {isa = PBXFileReference; fileEncoding = 4; lastKnownFileType = sourcecode.c.h; path = SBJsonStreamParserAdapter.h; sourceTree = "<group>"; };
		1C55CF18133515AF00770377 /* SBJsonStreamParserAdapter.m */ = {isa = PBXFileReference; fileEncoding = 4; lastKnownFileType = sourcecode.c.objc; path = SBJsonStreamParserAdapter.m; sourceTree = "<group>"; };
		1C55CF19133515AF00770377 /* SBJsonStreamParserState.h */ = {isa = PBXFileReference; fileEncoding = 4; lastKnownFileType = sourcecode.c.h; path = SBJsonStreamParserState.h; sourceTree = "<group>"; };
		1C55CF1A133515AF00770377 /* SBJsonStreamParserState.m */ = {isa = PBXFileReference; fileEncoding = 4; lastKnownFileType = sourcecode.c.objc; path = SBJsonStreamParserState.m; sourceTree = "<group>"; };
		1C55CF1B133515AF00770377 /* SBJsonStreamWriter.h */ = {isa = PBXFileReference; fileEncoding = 4; lastKnownFileType = sourcecode.c.h; path = SBJsonStreamWriter.h; sourceTree = "<group>"; };
		1C55CF1C133515AF00770377 /* SBJsonStreamWriter.m */ = {isa = PBXFileReference; fileEncoding = 4; lastKnownFileType = sourcecode.c.objc; path = SBJsonStreamWriter.m; sourceTree = "<group>"; };
		1C55CF1D133515AF00770377 /* SBJsonStreamWriterState.h */ = {isa = PBXFileReference; fileEncoding = 4; lastKnownFileType = sourcecode.c.h; path = SBJsonStreamWriterState.h; sourceTree = "<group>"; };
		1C55CF1E133515AF00770377 /* SBJsonStreamWriterState.m */ = {isa = PBXFileReference; fileEncoding = 4; lastKnownFileType = sourcecode.c.objc; path = SBJsonStreamWriterState.m; sourceTree = "<group>"; };
		1C55CF1F133515AF00770377 /* SBJsonTokeniser.h */ = {isa = PBXFileReference; fileEncoding = 4; lastKnownFileType = sourcecode.c.h; path = SBJsonTokeniser.h; sourceTree = "<group>"; };
		1C55CF20133515AF00770377 /* SBJsonTokeniser.m */ = {isa = PBXFileReference; fileEncoding = 4; lastKnownFileType = sourcecode.c.objc; path = SBJsonTokeniser.m; sourceTree = "<group>"; };
		1C55CF21133515AF00770377 /* SBJsonWriter.h */ = {isa = PBXFileReference; fileEncoding = 4; lastKnownFileType = sourcecode.c.h; path = SBJsonWriter.h; sourceTree = "<group>"; };
		1C55CF22133515AF00770377 /* SBJsonWriter.m */ = {isa = PBXFileReference; fileEncoding = 4; lastKnownFileType = sourcecode.c.objc; path = SBJsonWriter.m; sourceTree = "<group>"; };
/* End PBXFileReference section */

/* Begin PBXFrameworksBuildPhase section */
		1C55CEA81334BC5400770377 /* Frameworks */ = {
			isa = PBXFrameworksBuildPhase;
			buildActionMask = 2147483647;
			files = (
				8110D0921334D3320005409B /* QuartzCore.framework in Frameworks */,
				1C55CEB01334BC5400770377 /* UIKit.framework in Frameworks */,
				1C55CEB21334BC5400770377 /* Foundation.framework in Frameworks */,
				1C55CEB41334BC5400770377 /* CoreGraphics.framework in Frameworks */,
			);
			runOnlyForDeploymentPostprocessing = 0;
		};
		1C55CEC51334BC5400770377 /* Frameworks */ = {
			isa = PBXFrameworksBuildPhase;
			buildActionMask = 2147483647;
			files = (
				1C55CECA1334BC5400770377 /* UIKit.framework in Frameworks */,
				1C55CECB1334BC5400770377 /* Foundation.framework in Frameworks */,
				1C55CECC1334BC5400770377 /* CoreGraphics.framework in Frameworks */,
			);
			runOnlyForDeploymentPostprocessing = 0;
		};
/* End PBXFrameworksBuildPhase section */

/* Begin PBXGroup section */
		1C55CEA01334BC5400770377 = {
			isa = PBXGroup;
			children = (
				1C55CF0F133515AF00770377 /* json */,
				1C55CEF11335152200770377 /* JSON */,
				1C55CEE21334BDE700770377 /* Labitat Lib */,
				8110D0911334D3320005409B /* QuartzCore.framework */,
				1C55CEB51334BC5400770377 /* iBlip */,
				1C55CECF1334BC5400770377 /* iBlipTests */,
				1C55CEAE1334BC5400770377 /* Frameworks */,
				1C55CEAC1334BC5400770377 /* Products */,
			);
			sourceTree = "<group>";
		};
		1C55CEAC1334BC5400770377 /* Products */ = {
			isa = PBXGroup;
			children = (
				1C55CEAB1334BC5400770377 /* iBlip.app */,
				1C55CEC91334BC5400770377 /* iBlipTests.octest */,
			);
			name = Products;
			sourceTree = "<group>";
		};
		1C55CEAE1334BC5400770377 /* Frameworks */ = {
			isa = PBXGroup;
			children = (
				1C55CEAF1334BC5400770377 /* UIKit.framework */,
				1C55CEB11334BC5400770377 /* Foundation.framework */,
				1C55CEB31334BC5400770377 /* CoreGraphics.framework */,
			);
			name = Frameworks;
			sourceTree = "<group>";
		};
		1C55CEB51334BC5400770377 /* iBlip */ = {
			isa = PBXGroup;
			children = (
				1C55CEED1334DE4600770377 /* Resources */,
				815242401334E71600E436CF /* Views */,
				1C55CEE71334BEFB00770377 /* Controllers */,
				1C55CEBE1334BC5400770377 /* iBlipAppDelegate.h */,
				1C55CEBF1334BC5400770377 /* iBlipAppDelegate.m */,
				1C55CEB61334BC5400770377 /* Supporting Files */,
			);
			path = iBlip;
			sourceTree = "<group>";
		};
		1C55CEB61334BC5400770377 /* Supporting Files */ = {
			isa = PBXGroup;
			children = (
				B21B41C31335027F007CDCC2 /* ScatterPlot.xib */,
				1C55CEB71334BC5400770377 /* iBlip-Info.plist */,
				1C55CEB81334BC5400770377 /* InfoPlist.strings */,
				1C55CEBB1334BC5400770377 /* iBlip-Prefix.pch */,
				1C55CEBC1334BC5400770377 /* main.m */,
			);
			name = "Supporting Files";
			sourceTree = "<group>";
		};
		1C55CECF1334BC5400770377 /* iBlipTests */ = {
			isa = PBXGroup;
			children = (
				1C55CED61334BC5400770377 /* iBlipTests.h */,
				1C55CED81334BC5400770377 /* iBlipTests.m */,
				1C55CED01334BC5400770377 /* Supporting Files */,
			);
			path = iBlipTests;
			sourceTree = "<group>";
		};
		1C55CED01334BC5400770377 /* Supporting Files */ = {
			isa = PBXGroup;
			children = (
				1C55CED11334BC5400770377 /* iBlipTests-Info.plist */,
				1C55CED21334BC5400770377 /* InfoPlist.strings */,
				1C55CED51334BC5400770377 /* iBlipTests-Prefix.pch */,
			);
			name = "Supporting Files";
			sourceTree = "<group>";
		};
		1C55CEE21334BDE700770377 /* Labitat Lib */ = {
			isa = PBXGroup;
			children = (
				1C55CEE41334BEA500770377 /* LABService.h */,
				1C55CEE51334BEA500770377 /* LABService.m */,
				1C55CEEE133512A800770377 /* LABParser.h */,
				1C55CEEF133512A800770377 /* LABParser.m */,
			);
			name = "Labitat Lib";
			sourceTree = "<group>";
		};
		1C55CEE71334BEFB00770377 /* Controllers */ = {
			isa = PBXGroup;
			children = (
				1C55CEE81334BF3E00770377 /* LABBlipViewController.h */,
				1C55CEE91334BF3E00770377 /* LABBlipViewController.m */,
			);
			name = Controllers;
			sourceTree = "<group>";
		};
		1C55CEED1334DE4600770377 /* Resources */ = {
			isa = PBXGroup;
			children = (
				B21B41C513350289007CDCC2 /* CPTestAppScatterPlotController.h */,
				B21B41C613350289007CDCC2 /* CPTestAppScatterPlotController.m */,
				1C55CEE81334BF3E00770377 /* LABBlipViewController.h */,
				1C55CEE91334BF3E00770377 /* LABBlipViewController.m */,
				1C55CEEA1334BF3E00770377 /* LABBlipViewController.xib */,
				1C55CEC11334BC5400770377 /* MainWindow.xib */,
			);
			name = Resources;
			sourceTree = "<group>";
		};
		815242401334E71600E436CF /* Views */ = {
			isa = PBXGroup;
			children = (
				815242421334E75900E436CF /* LABCorePlotView.h */,
				815242431334E75900E436CF /* LABCorePlotView.m */,
			);
			name = Views;
		1C55CEF11335152200770377 /* JSON */ = {
			isa = PBXGroup;
			children = (
			);
			name = JSON;
			sourceTree = "<group>";
		};
		1C55CF0F133515AF00770377 /* json */ = {
			isa = PBXGroup;
			children = (
				1C55CF10133515AF00770377 /* JSON.h */,
				1C55CF11133515AF00770377 /* NSObject+JSON.h */,
				1C55CF12133515AF00770377 /* NSObject+JSON.m */,
				1C55CF13133515AF00770377 /* SBJsonParser.h */,
				1C55CF14133515AF00770377 /* SBJsonParser.m */,
				1C55CF15133515AF00770377 /* SBJsonStreamParser.h */,
				1C55CF16133515AF00770377 /* SBJsonStreamParser.m */,
				1C55CF17133515AF00770377 /* SBJsonStreamParserAdapter.h */,
				1C55CF18133515AF00770377 /* SBJsonStreamParserAdapter.m */,
				1C55CF19133515AF00770377 /* SBJsonStreamParserState.h */,
				1C55CF1A133515AF00770377 /* SBJsonStreamParserState.m */,
				1C55CF1B133515AF00770377 /* SBJsonStreamWriter.h */,
				1C55CF1C133515AF00770377 /* SBJsonStreamWriter.m */,
				1C55CF1D133515AF00770377 /* SBJsonStreamWriterState.h */,
				1C55CF1E133515AF00770377 /* SBJsonStreamWriterState.m */,
				1C55CF1F133515AF00770377 /* SBJsonTokeniser.h */,
				1C55CF20133515AF00770377 /* SBJsonTokeniser.m */,
				1C55CF21133515AF00770377 /* SBJsonWriter.h */,
				1C55CF22133515AF00770377 /* SBJsonWriter.m */,
			);
			name = json;
			path = iBlip/classes/json;
			sourceTree = "<group>";
		};
/* End PBXGroup section */

/* Begin PBXNativeTarget section */
		1C55CEAA1334BC5400770377 /* iBlip */ = {
			isa = PBXNativeTarget;
			buildConfigurationList = 1C55CEDC1334BC5400770377 /* Build configuration list for PBXNativeTarget "iBlip" */;
			buildPhases = (
				1C55CEA71334BC5400770377 /* Sources */,
				1C55CEA81334BC5400770377 /* Frameworks */,
				1C55CEA91334BC5400770377 /* Resources */,
			);
			buildRules = (
			);
			dependencies = (
			);
			name = iBlip;
			productName = iBlip;
			productReference = 1C55CEAB1334BC5400770377 /* iBlip.app */;
			productType = "com.apple.product-type.application";
		};
		1C55CEC81334BC5400770377 /* iBlipTests */ = {
			isa = PBXNativeTarget;
			buildConfigurationList = 1C55CEDF1334BC5400770377 /* Build configuration list for PBXNativeTarget "iBlipTests" */;
			buildPhases = (
				1C55CEC41334BC5400770377 /* Sources */,
				1C55CEC51334BC5400770377 /* Frameworks */,
				1C55CEC61334BC5400770377 /* Resources */,
				1C55CEC71334BC5400770377 /* ShellScript */,
			);
			buildRules = (
			);
			dependencies = (
				1C55CECE1334BC5400770377 /* PBXTargetDependency */,
			);
			name = iBlipTests;
			productName = iBlipTests;
			productReference = 1C55CEC91334BC5400770377 /* iBlipTests.octest */;
			productType = "com.apple.product-type.bundle";
		};
/* End PBXNativeTarget section */

/* Begin PBXProject section */
		1C55CEA21334BC5400770377 /* Project object */ = {
			isa = PBXProject;
			attributes = {
				ORGANIZATIONNAME = "Xstream Media Solutions";
			};
			buildConfigurationList = 1C55CEA51334BC5400770377 /* Build configuration list for PBXProject "iBlip" */;
			compatibilityVersion = "Xcode 3.2";
			developmentRegion = English;
			hasScannedForEncodings = 0;
			knownRegions = (
				en,
			);
			mainGroup = 1C55CEA01334BC5400770377;
			productRefGroup = 1C55CEAC1334BC5400770377 /* Products */;
			projectDirPath = "";
			projectRoot = "";
			targets = (
				1C55CEAA1334BC5400770377 /* iBlip */,
				1C55CEC81334BC5400770377 /* iBlipTests */,
			);
		};
/* End PBXProject section */

/* Begin PBXResourcesBuildPhase section */
		1C55CEA91334BC5400770377 /* Resources */ = {
			isa = PBXResourcesBuildPhase;
			buildActionMask = 2147483647;
			files = (
				1C55CEBA1334BC5400770377 /* InfoPlist.strings in Resources */,
				1C55CEC31334BC5400770377 /* MainWindow.xib in Resources */,
				1C55CEEC1334BF3E00770377 /* LABBlipViewController.xib in Resources */,
				B21B41C41335027F007CDCC2 /* ScatterPlot.xib in Resources */,
			);
			runOnlyForDeploymentPostprocessing = 0;
		};
		1C55CEC61334BC5400770377 /* Resources */ = {
			isa = PBXResourcesBuildPhase;
			buildActionMask = 2147483647;
			files = (
				1C55CED41334BC5400770377 /* InfoPlist.strings in Resources */,
				1C55CED71334BC5400770377 /* iBlipTests.h in Resources */,
			);
			runOnlyForDeploymentPostprocessing = 0;
		};
/* End PBXResourcesBuildPhase section */

/* Begin PBXShellScriptBuildPhase section */
		1C55CEC71334BC5400770377 /* ShellScript */ = {
			isa = PBXShellScriptBuildPhase;
			buildActionMask = 2147483647;
			files = (
			);
			inputPaths = (
			);
			outputPaths = (
			);
			runOnlyForDeploymentPostprocessing = 0;
			shellPath = /bin/sh;
			shellScript = "# Run the unit tests in this test bundle.\n\"${SYSTEM_DEVELOPER_DIR}/Tools/RunUnitTests\"\n";
		};
/* End PBXShellScriptBuildPhase section */

/* Begin PBXSourcesBuildPhase section */
		1C55CEA71334BC5400770377 /* Sources */ = {
			isa = PBXSourcesBuildPhase;
			buildActionMask = 2147483647;
			files = (
				1C55CEBD1334BC5400770377 /* main.m in Sources */,
				1C55CEC01334BC5400770377 /* iBlipAppDelegate.m in Sources */,
				1C55CEE61334BEA500770377 /* LABService.m in Sources */,
				1C55CEEB1334BF3E00770377 /* LABBlipViewController.m in Sources */,
				815242441334E75900E436CF /* LABCorePlotView.m in Sources */,
				B21B41C713350289007CDCC2 /* CPTestAppScatterPlotController.m in Sources */,
				1C55CEF0133512A800770377 /* LABParser.m in Sources */,
				1C55CF23133515AF00770377 /* NSObject+JSON.m in Sources */,
				1C55CF24133515AF00770377 /* SBJsonParser.m in Sources */,
				1C55CF25133515AF00770377 /* SBJsonStreamParser.m in Sources */,
				1C55CF26133515AF00770377 /* SBJsonStreamParserAdapter.m in Sources */,
				1C55CF27133515AF00770377 /* SBJsonStreamParserState.m in Sources */,
				1C55CF28133515AF00770377 /* SBJsonStreamWriter.m in Sources */,
				1C55CF29133515AF00770377 /* SBJsonStreamWriterState.m in Sources */,
				1C55CF2A133515AF00770377 /* SBJsonTokeniser.m in Sources */,
				1C55CF2B133515AF00770377 /* SBJsonWriter.m in Sources */,
			);
			runOnlyForDeploymentPostprocessing = 0;
		};
		1C55CEC41334BC5400770377 /* Sources */ = {
			isa = PBXSourcesBuildPhase;
			buildActionMask = 2147483647;
			files = (
				1C55CED91334BC5400770377 /* iBlipTests.m in Sources */,
			);
			runOnlyForDeploymentPostprocessing = 0;
		};
/* End PBXSourcesBuildPhase section */

/* Begin PBXTargetDependency section */
		1C55CECE1334BC5400770377 /* PBXTargetDependency */ = {
			isa = PBXTargetDependency;
			target = 1C55CEAA1334BC5400770377 /* iBlip */;
			targetProxy = 1C55CECD1334BC5400770377 /* PBXContainerItemProxy */;
		};
/* End PBXTargetDependency section */

/* Begin PBXVariantGroup section */
		1C55CEB81334BC5400770377 /* InfoPlist.strings */ = {
			isa = PBXVariantGroup;
			children = (
				1C55CEB91334BC5400770377 /* en */,
			);
			name = InfoPlist.strings;
			sourceTree = "<group>";
		};
		1C55CEC11334BC5400770377 /* MainWindow.xib */ = {
			isa = PBXVariantGroup;
			children = (
				1C55CEC21334BC5400770377 /* en */,
			);
			name = MainWindow.xib;
			sourceTree = "<group>";
		};
		1C55CED21334BC5400770377 /* InfoPlist.strings */ = {
			isa = PBXVariantGroup;
			children = (
				1C55CED31334BC5400770377 /* en */,
			);
			name = InfoPlist.strings;
			sourceTree = "<group>";
		};
/* End PBXVariantGroup section */

/* Begin XCBuildConfiguration section */
		1C55CEDA1334BC5400770377 /* Debug */ = {
			isa = XCBuildConfiguration;
			buildSettings = {
				"ADDITIONAL_SDKS[arch=*]" = "/Library/SDKs/CorePlotSDK/${PLATFORM_NAME}.sdk";
				ARCHS = "$(ARCHS_STANDARD_32_BIT)";
				"CODE_SIGN_IDENTITY[sdk=iphoneos*]" = "iPhone Developer";
				GCC_C_LANGUAGE_STANDARD = gnu99;
				GCC_OPTIMIZATION_LEVEL = 0;
				GCC_PREPROCESSOR_DEFINITIONS = DEBUG;
				GCC_SYMBOLS_PRIVATE_EXTERN = NO;
				GCC_VERSION = com.apple.compilers.llvmgcc42;
				GCC_WARN_ABOUT_RETURN_TYPE = YES;
				GCC_WARN_UNUSED_VARIABLE = YES;
				IPHONEOS_DEPLOYMENT_TARGET = 4.3;
				"OTHER_LDFLAGS[arch=*]" = (
					"-ObjC",
					"-all_load",
					"-lCorePlot",
				);
				SDKROOT = iphoneos;
			};
			name = Debug;
		};
		1C55CEDB1334BC5400770377 /* Release */ = {
			isa = XCBuildConfiguration;
			buildSettings = {
				"ADDITIONAL_SDKS[arch=*]" = "/Library/SDKs/CorePlotSDK/${PLATFORM_NAME}.sdk";
				ARCHS = "$(ARCHS_STANDARD_32_BIT)";
				"CODE_SIGN_IDENTITY[sdk=iphoneos*]" = "iPhone Developer";
				GCC_C_LANGUAGE_STANDARD = gnu99;
				GCC_VERSION = com.apple.compilers.llvmgcc42;
				GCC_WARN_ABOUT_RETURN_TYPE = YES;
				GCC_WARN_UNUSED_VARIABLE = YES;
				IPHONEOS_DEPLOYMENT_TARGET = 4.3;
				OTHER_CFLAGS = "-DNS_BLOCK_ASSERTIONS=1";
				"OTHER_LDFLAGS[arch=*]" = (
					"-ObjC",
					"-all_load",
					"-lCorePlot",
				);
				SDKROOT = iphoneos;
			};
			name = Release;
		};
		1C55CEDD1334BC5400770377 /* Debug */ = {
			isa = XCBuildConfiguration;
			buildSettings = {
				"ADDITIONAL_SDKS[arch=*]" = "/Library/SDKs/CorePlotSDK/${PLATFORM_NAME}.sdk";
				ALWAYS_SEARCH_USER_PATHS = NO;
				COPY_PHASE_STRIP = NO;
				GCC_DYNAMIC_NO_PIC = NO;
				GCC_PRECOMPILE_PREFIX_HEADER = YES;
				GCC_PREFIX_HEADER = "iBlip/iBlip-Prefix.pch";
				INFOPLIST_FILE = "iBlip/iBlip-Info.plist";
				PRODUCT_NAME = "$(TARGET_NAME)";
				WRAPPER_EXTENSION = app;
			};
			name = Debug;
		};
		1C55CEDE1334BC5400770377 /* Release */ = {
			isa = XCBuildConfiguration;
			buildSettings = {
				ALWAYS_SEARCH_USER_PATHS = NO;
				COPY_PHASE_STRIP = YES;
				GCC_PRECOMPILE_PREFIX_HEADER = YES;
				GCC_PREFIX_HEADER = "iBlip/iBlip-Prefix.pch";
				INFOPLIST_FILE = "iBlip/iBlip-Info.plist";
				PRODUCT_NAME = "$(TARGET_NAME)";
				VALIDATE_PRODUCT = YES;
				WRAPPER_EXTENSION = app;
			};
			name = Release;
		};
		1C55CEE01334BC5400770377 /* Debug */ = {
			isa = XCBuildConfiguration;
			buildSettings = {
				ALWAYS_SEARCH_USER_PATHS = NO;
				BUNDLE_LOADER = "$(BUILT_PRODUCTS_DIR)/iBlip.app/iBlip";
				FRAMEWORK_SEARCH_PATHS = (
					"$(SDKROOT)/Developer/Library/Frameworks",
					"$(DEVELOPER_LIBRARY_DIR)/Frameworks",
				);
				GCC_PRECOMPILE_PREFIX_HEADER = YES;
				GCC_PREFIX_HEADER = "iBlipTests/iBlipTests-Prefix.pch";
				INFOPLIST_FILE = "iBlipTests/iBlipTests-Info.plist";
				OTHER_LDFLAGS = (
					"-framework",
					SenTestingKit,
				);
				PRODUCT_NAME = "$(TARGET_NAME)";
				TEST_HOST = "$(BUNDLE_LOADER)";
				WRAPPER_EXTENSION = octest;
			};
			name = Debug;
		};
		1C55CEE11334BC5400770377 /* Release */ = {
			isa = XCBuildConfiguration;
			buildSettings = {
				ALWAYS_SEARCH_USER_PATHS = NO;
				BUNDLE_LOADER = "$(BUILT_PRODUCTS_DIR)/iBlip.app/iBlip";
				FRAMEWORK_SEARCH_PATHS = (
					"$(SDKROOT)/Developer/Library/Frameworks",
					"$(DEVELOPER_LIBRARY_DIR)/Frameworks",
				);
				GCC_PRECOMPILE_PREFIX_HEADER = YES;
				GCC_PREFIX_HEADER = "iBlipTests/iBlipTests-Prefix.pch";
				INFOPLIST_FILE = "iBlipTests/iBlipTests-Info.plist";
				OTHER_LDFLAGS = (
					"-framework",
					SenTestingKit,
				);
				PRODUCT_NAME = "$(TARGET_NAME)";
				TEST_HOST = "$(BUNDLE_LOADER)";
				WRAPPER_EXTENSION = octest;
			};
			name = Release;
		};
/* End XCBuildConfiguration section */

/* Begin XCConfigurationList section */
		1C55CEA51334BC5400770377 /* Build configuration list for PBXProject "iBlip" */ = {
			isa = XCConfigurationList;
			buildConfigurations = (
				1C55CEDA1334BC5400770377 /* Debug */,
				1C55CEDB1334BC5400770377 /* Release */,
			);
			defaultConfigurationIsVisible = 0;
			defaultConfigurationName = Release;
		};
		1C55CEDC1334BC5400770377 /* Build configuration list for PBXNativeTarget "iBlip" */ = {
			isa = XCConfigurationList;
			buildConfigurations = (
				1C55CEDD1334BC5400770377 /* Debug */,
				1C55CEDE1334BC5400770377 /* Release */,
			);
			defaultConfigurationIsVisible = 0;
			defaultConfigurationName = Release;
		};
		1C55CEDF1334BC5400770377 /* Build configuration list for PBXNativeTarget "iBlipTests" */ = {
			isa = XCConfigurationList;
			buildConfigurations = (
				1C55CEE01334BC5400770377 /* Debug */,
				1C55CEE11334BC5400770377 /* Release */,
			);
			defaultConfigurationIsVisible = 0;
			defaultConfigurationName = Release;
		};
/* End XCConfigurationList section */
	};
	rootObject = 1C55CEA21334BC5400770377 /* Project object */;
}
